
Microsoft Visual Studio Solution File, Format Version 12.00
# Visual Studio Version 16
VisualStudioVersion = 16.0.29613.14
MinimumVisualStudioVersion = 10.0.40219.1
Project("{FAE04EC0-301F-11D3-BF4B-00C04F79EFBC}") = "NetScanner", "NetScanner\NetScanner.csproj", "{FE9CF2E0-6C10-4BD9-AEC5-4E1FF52B1486}"
EndProject
Global
	GlobalSection(SolutionConfigurationPlatforms) = preSolution
		Debug|Any CPU = Debug|Any CPU
		Release|Any CPU = Release|Any CPU
	EndGlobalSection
	GlobalSection(ProjectConfigurationPlatforms) = postSolution
		{FE9CF2E0-6C10-4BD9-AEC5-4E1FF52B1486}.Debug|Any CPU.ActiveCfg = Debug|Any CPU
		{FE9CF2E0-6C10-4BD9-AEC5-4E1FF52B1486}.Debug|Any CPU.Build.0 = Debug|Any CPU
		{FE9CF2E0-6C10-4BD9-AEC5-4E1FF52B1486}.Release|Any CPU.ActiveCfg = Release|Any CPU
		{FE9CF2E0-6C10-4BD9-AEC5-4E1FF52B1486}.Release|Any CPU.Build.0 = Release|Any CPU
	EndGlobalSection
	GlobalSection(SolutionProperties) = preSolution
		HideSolutionNode = FALSE
	EndGlobalSection
	GlobalSection(ExtensibilityGlobals) = postSolution
		SolutionGuid = {45DA48EB-9CE9-458B-8702-98A60D0BF89D}
	EndGlobalSection
EndGlobal
